// !$*UTF8*$!
{
	archiveVersion = 1;
	classes = {
	};
	objectVersion = 50;
	objects = {

/* Begin PBXBuildFile section */
		BEF4A7A823CD1073008BD273 /* AppDelegate.swift in Sources */ = {isa = PBXBuildFile; fileRef = BEF4A7A723CD1073008BD273 /* AppDelegate.swift */; };
		BEF4A7AA23CD1073008BD273 /* SceneDelegate.swift in Sources */ = {isa = PBXBuildFile; fileRef = BEF4A7A923CD1073008BD273 /* SceneDelegate.swift */; };
		BEF4A7AC23CD1073008BD273 /* ViewController.swift in Sources */ = {isa = PBXBuildFile; fileRef = BEF4A7AB23CD1073008BD273 /* ViewController.swift */; };
		BEF4A7AF23CD1073008BD273 /* Main.storyboard in Resources */ = {isa = PBXBuildFile; fileRef = BEF4A7AD23CD1073008BD273 /* Main.storyboard */; };
		BEF4A7B123CD1073008BD273 /* Assets.xcassets in Resources */ = {isa = PBXBuildFile; fileRef = BEF4A7B023CD1073008BD273 /* Assets.xcassets */; };
		BEF4A7B423CD1073008BD273 /* LaunchScreen.storyboard in Resources */ = {isa = PBXBuildFile; fileRef = BEF4A7B223CD1073008BD273 /* LaunchScreen.storyboard */; };
/* End PBXBuildFile section */

/* Begin PBXFileReference section */
		BEF4A7A423CD1073008BD273 /* Two-Button Challenge.app */ = {isa = PBXFileReference; explicitFileType = wrapper.application; includeInIndex = 0; path = "Two-Button Challenge.app"; sourceTree = BUILT_PRODUCTS_DIR; };
		BEF4A7A723CD1073008BD273 /* AppDelegate.swift */ = {isa = PBXFileReference; lastKnownFileType = sourcecode.swift; path = AppDelegate.swift; sourceTree = "<group>"; };
		BEF4A7A923CD1073008BD273 /* SceneDelegate.swift */ = {isa = PBXFileReference; lastKnownFileType = sourcecode.swift; path = SceneDelegate.swift; sourceTree = "<group>"; };
		BEF4A7AB23CD1073008BD273 /* ViewController.swift */ = {isa = PBXFileReference; lastKnownFileType = sourcecode.swift; path = ViewController.swift; sourceTree = "<group>"; };
		BEF4A7AE23CD1073008BD273 /* Base */ = {isa = PBXFileReference; lastKnownFileType = file.storyboard; name = Base; path = Base.lproj/Main.storyboard; sourceTree = "<group>"; };
		BEF4A7B023CD1073008BD273 /* Assets.xcassets */ = {isa = PBXFileReference; lastKnownFileType = folder.assetcatalog; path = Assets.xcassets; sourceTree = "<group>"; };
		BEF4A7B323CD1073008BD273 /* Base */ = {isa = PBXFileReference; lastKnownFileType = file.storyboard; name = Base; path = Base.lproj/LaunchScreen.storyboard; sourceTree = "<group>"; };
		BEF4A7B523CD1073008BD273 /* Info.plist */ = {isa = PBXFileReference; lastKnownFileType = text.plist.xml; path = Info.plist; sourceTree = "<group>"; };
/* End PBXFileReference section */

/* Begin PBXFrameworksBuildPhase section */
		BEF4A7A123CD1073008BD273 /* Frameworks */ = {
			isa = PBXFrameworksBuildPhase;
			buildActionMask = 2147483647;
			files = (
			);
			runOnlyForDeploymentPostprocessing = 0;
		};
/* End PBXFrameworksBuildPhase section */

/* Begin PBXGroup section */
		BEF4A79B23CD1073008BD273 = {
			isa = PBXGroup;
			children = (
				BEF4A7A623CD1073008BD273 /* Two-Button Challenge */,
				BEF4A7A523CD1073008BD273 /* Products */,
			);
			sourceTree = "<group>";
		};
		BEF4A7A523CD1073008BD273 /* Products */ = {
			isa = PBXGroup;
			children = (
				BEF4A7A423CD1073008BD273 /* Two-Button Challenge.app */,
			);
			name = Products;
			sourceTree = "<group>";
		};
		BEF4A7A623CD1073008BD273 /* Two-Button Challenge */ = {
			isa = PBXGroup;
			children = (
				BEF4A7A723CD1073008BD273 /* AppDelegate.swift */,
				BEF4A7A923CD1073008BD273 /* SceneDelegate.swift */,
				BEF4A7AB23CD1073008BD273 /* ViewController.swift */,
				BEF4A7AD23CD1073008BD273 /* Main.storyboard */,
				BEF4A7B023CD1073008BD273 /* Assets.xcassets */,
				BEF4A7B223CD1073008BD273 /* LaunchScreen.storyboard */,
				BEF4A7B523CD1073008BD273 /* Info.plist */,
			);
			path = "Two-Button Challenge";
			sourceTree = "<group>";
		};
/* End PBXGroup section */

/* Begin PBXNativeTarget section */
		BEF4A7A323CD1073008BD273 /* Two-Button Challenge */ = {
			isa = PBXNativeTarget;
			buildConfigurationList = BEF4A7B823CD1073008BD273 /* Build configuration list for PBXNativeTarget "Two-Button Challenge" */;
			buildPhases = (
				BEF4A7A023CD1073008BD273 /* Sources */,
				BEF4A7A123CD1073008BD273 /* Frameworks */,
				BEF4A7A223CD1073008BD273 /* Resources */,
			);
			buildRules = (
			);
			dependencies = (
			);
			name = "Two-Button Challenge";
			productName = "Two-Button Challenge";
			productReference = BEF4A7A423CD1073008BD273 /* Two-Button Challenge.app */;
			productType = "com.apple.product-type.application";
		};
/* End PBXNativeTarget section */

/* Begin PBXProject section */
		BEF4A79C23CD1073008BD273 /* Project object */ = {
			isa = PBXProject;
			attributes = {
				LastSwiftUpdateCheck = 1130;
				LastUpgradeCheck = 1130;
				ORGANIZATIONNAME = "Dawin Ye";
				TargetAttributes = {
					BEF4A7A323CD1073008BD273 = {
						CreatedOnToolsVersion = 11.3;
					};
				};
			};
			buildConfigurationList = BEF4A79F23CD1073008BD273 /* Build configuration list for PBXProject "Two-Button Challenge" */;
			compatibilityVersion = "Xcode 9.3";
			developmentRegion = en;
			hasScannedForEncodings = 0;
			knownRegions = (
				en,
				Base,
			);
			mainGroup = BEF4A79B23CD1073008BD273;
			productRefGroup = BEF4A7A523CD1073008BD273 /* Products */;
			projectDirPath = "";
			projectRoot = "";
			targets = (
				BEF4A7A323CD1073008BD273 /* Two-Button Challenge */,
			);
		};
/* End PBXProject section */

/* Begin PBXResourcesBuildPhase section */
		BEF4A7A223CD1073008BD273 /* Resources */ = {
			isa = PBXResourcesBuildPhase;
			buildActionMask = 2147483647;
			files = (
				BEF4A7B423CD1073008BD273 /* LaunchScreen.storyboard in Resources */,
				BEF4A7B123CD1073008BD273 /* Assets.xcassets in Resources */,
				BEF4A7AF23CD1073008BD273 /* Main.storyboard in Resources */,
			);
			runOnlyForDeploymentPostprocessing = 0;
		};
/* End PBXResourcesBuildPhase section */

/* Begin PBXSourcesBuildPhase section */
		BEF4A7A023CD1073008BD273 /* Sources */ = {
			isa = PBXSourcesBuildPhase;
			buildActionMask = 2147483647;
			files = (
				BEF4A7AC23CD1073008BD273 /* ViewController.swift in Sources */,
				BEF4A7A823CD1073008BD273 /* AppDelegate.swift in Sources */,
				BEF4A7AA23CD1073008BD273 /* SceneDelegate.swift in Sources */,
			);
			runOnlyForDeploymentPostprocessing = 0;
		};
/* End PBXSourcesBuildPhase section */

/* Begin PBXVariantGroup section */
		BEF4A7AD23CD1073008BD273 /* Main.storyboard */ = {
			isa = PBXVariantGroup;
			children = (
				BEF4A7AE23CD1073008BD273 /* Base */,
			);
			name = Main.storyboard;
			sourceTree = "<group>";
		};
		BEF4A7B223CD1073008BD273 /* LaunchScreen.storyboard */ = {
			isa = PBXVariantGroup;
			children = (
				BEF4A7B323CD1073008BD273 /* Base */,
			);
			name = LaunchScreen.storyboard;
			sourceTree = "<group>";
		};
/* End PBXVariantGroup section */

/* Begin XCBuildConfiguration section */
		BEF4A7B623CD1073008BD273 /* Debug */ = {
			isa = XCBuildConfiguration;
			buildSettings = {
				ALWAYS_SEARCH_USER_PATHS = NO;
				CLANG_ANALYZER_NONNULL = YES;
				CLANG_ANALYZER_NUMBER_OBJECT_CONVERSION = YES_AGGRESSIVE;
				CLANG_CXX_LANGUAGE_STANDARD = "gnu++14";
				CLANG_CXX_LIBRARY = "libc++";
				CLANG_ENABLE_MODULES = YES;
				CLANG_ENABLE_OBJC_ARC = YES;
				CLANG_ENABLE_OBJC_WEAK = YES;
				CLANG_WARN_BLOCK_CAPTURE_AUTORELEASING = YES;
				CLANG_WARN_BOOL_CONVERSION = YES;
				CLANG_WARN_COMMA = YES;
				CLANG_WARN_CONSTANT_CONVERSION = YES;
				CLANG_WARN_DEPRECATED_OBJC_IMPLEMENTATIONS = YES;
				CLANG_WARN_DIRECT_OBJC_ISA_USAGE = YES_ERROR;
				CLANG_WARN_DOCUMENTATION_COMMENTS = YES;
				CLANG_WARN_EMPTY_BODY = YES;
				CLANG_WARN_ENUM_CONVERSION = YES;
				CLANG_WARN_INFINITE_RECURSION = YES;
				CLANG_WARN_INT_CONVERSION = YES;
				CLANG_WARN_NON_LITERAL_NULL_CONVERSION = YES;
				CLANG_WARN_OBJC_IMPLICIT_RETAIN_SELF = YES;
				CLANG_WARN_OBJC_LITERAL_CONVERSION = YES;
				CLANG_WARN_OBJC_ROOT_CLASS = YES_ERROR;
				CLANG_WARN_RANGE_LOOP_ANALYSIS = YES;
				CLANG_WARN_STRICT_PROTOTYPES = YES;
				CLANG_WARN_SUSPICIOUS_MOVE = YES;
				CLANG_WARN_UNGUARDED_AVAILABILITY = YES_AGGRESSIVE;
				CLANG_WARN_UNREACHABLE_CODE = YES;
				CLANG_WARN__DUPLICATE_METHOD_MATCH = YES;
				COPY_PHASE_STRIP = NO;
				DEBUG_INFORMATION_FORMAT = dwarf;
				ENABLE_STRICT_OBJC_MSGSEND = YES;
				ENABLE_TESTABILITY = YES;
				GCC_C_LANGUAGE_STANDARD = gnu11;
				GCC_DYNAMIC_NO_PIC = NO;
				GCC_NO_COMMON_BLOCKS = YES;
				GCC_OPTIMIZATION_LEVEL = 0;
				GCC_PREPROCESSOR_DEFINITIONS = (
					"DEBUG=1",
					"$(inherited)",
				);
				GCC_WARN_64_TO_32_BIT_CONVERSION = YES;
				GCC_WARN_ABOUT_RETURN_TYPE = YES_ERROR;
				GCC_WARN_UNDECLARED_SELECTOR = YES;
				GCC_WARN_UNINITIALIZED_AUTOS = YES_AGGRESSIVE;
				GCC_WARN_UNUSED_FUNCTION = YES;
				GCC_WARN_UNUSED_VARIABLE = YES;
				IPHONEOS_DEPLOYMENT_TARGET = 13.2;
				MTL_ENABLE_DEBUG_INFO = INCLUDE_SOURCE;
				MTL_FAST_MATH = YES;
				ONLY_ACTIVE_ARCH = YES;
				SDKROOT = iphoneos;
				SWIFT_ACTIVE_COMPILATION_CONDITIONS = DEBUG;
				SWIFT_OPTIMIZATION_LEVEL = "-Onone";
			};
			name = Debug;
		};
		BEF4A7B723CD1073008BD273 /* Release */ = {
			isa = XCBuildConfiguration;
			buildSettings = {
				ALWAYS_SEARCH_USER_PATHS = NO;
				CLANG_ANALYZER_NONNULL = YES;
				CLANG_ANALYZER_NUMBER_OBJECT_CONVERSION = YES_AGGRESSIVE;
				CLANG_CXX_LANGUAGE_STANDARD = "gnu++14";
				CLANG_CXX_LIBRARY = "libc++";
				CLANG_ENABLE_MODULES = YES;
				CLANG_ENABLE_OBJC_ARC = YES;
				CLANG_ENABLE_OBJC_WEAK = YES;
				CLANG_WARN_BLOCK_CAPTURE_AUTORELEASING = YES;
				CLANG_WARN_BOOL_CONVERSION = YES;
				CLANG_WARN_COMMA = YES;
				CLANG_WARN_CONSTANT_CONVERSION = YES;
				CLANG_WARN_DEPRECATED_OBJC_IMPLEMENTATIONS = YES;
				CLANG_WARN_DIRECT_OBJC_ISA_USAGE = YES_ERROR;
				CLANG_WARN_DOCUMENTATION_COMMENTS = YES;
				CLANG_WARN_EMPTY_BODY = YES;
				CLANG_WARN_ENUM_CONVERSION = YES;
				CLANG_WARN_INFINITE_RECURSION = YES;
				CLANG_WARN_INT_CONVERSION = YES;
				CLANG_WARN_NON_LITERAL_NULL_CONVERSION = YES;
				CLANG_WARN_OBJC_IMPLICIT_RETAIN_SELF = YES;
				CLANG_WARN_OBJC_LITERAL_CONVERSION = YES;
				CLANG_WARN_OBJC_ROOT_CLASS = YES_ERROR;
				CLANG_WARN_RANGE_LOOP_ANALYSIS = YES;
				CLANG_WARN_STRICT_PROTOTYPES = YES;
				CLANG_WARN_SUSPICIOUS_MOVE = YES;
				CLANG_WARN_UNGUARDED_AVAILABILITY = YES_AGGRESSIVE;
				CLANG_WARN_UNREACHABLE_CODE = YES;
				CLANG_WARN__DUPLICATE_METHOD_MATCH = YES;
				COPY_PHASE_STRIP = NO;
				DEBUG_INFORMATION_FORMAT = "dwarf-with-dsym";
				ENABLE_NS_ASSERTIONS = NO;
				ENABLE_STRICT_OBJC_MSGSEND = YES;
				GCC_C_LANGUAGE_STANDARD = gnu11;
				GCC_NO_COMMON_BLOCKS = YES;
				GCC_WARN_64_TO_32_BIT_CONVERSION = YES;
				GCC_WARN_ABOUT_RETURN_TYPE = YES_ERROR;
				GCC_WARN_UNDECLARED_SELECTOR = YES;
				GCC_WARN_UNINITIALIZED_AUTOS = YES_AGGRESSIVE;
				GCC_WARN_UNUSED_FUNCTION = YES;
				GCC_WARN_UNUSED_VARIABLE = YES;
				IPHONEOS_DEPLOYMENT_TARGET = 13.2;
				MTL_ENABLE_DEBUG_INFO = NO;
				MTL_FAST_MATH = YES;
				SDKROOT = iphoneos;
				SWIFT_COMPILATION_MODE = wholemodule;
				SWIFT_OPTIMIZATION_LEVEL = "-O";
				VALIDATE_PRODUCT = YES;
			};
			name = Release;
		};
		BEF4A7B923CD1073008BD273 /* Debug */ = {
			isa = XCBuildConfiguration;
			buildSettings = {
				ASSETCATALOG_COMPILER_APPICON_NAME = AppIcon;
				CODE_SIGN_STYLE = Automatic;
				DEVELOPMENT_TEAM = 6H2D5A289T;
				INFOPLIST_FILE = "Two-Button Challenge/Info.plist";
				LD_RUNPATH_SEARCH_PATHS = (
					"$(inherited)",
					"@executable_path/Frameworks",
				);
				PRODUCT_BUNDLE_IDENTIFIER = "com.yeindaw.Two-Button-Challenge";
				PRODUCT_NAME = "$(TARGET_NAME)";
				SWIFT_VERSION = 5.0;
				TARGETED_DEVICE_FAMILY = "1,2";
			};
			name = Debug;
		};
		BEF4A7BA23CD1073008BD273 /* Release */ = {
			isa = XCBuildConfiguration;
			buildSettings = {
				ASSETCATALOG_COMPILER_APPICON_NAME = AppIcon;
				CODE_SIGN_STYLE = Automatic;
				DEVELOPMENT_TEAM = 6H2D5A289T;
				INFOPLIST_FILE = "Two-Button Challenge/Info.plist";
				LD_RUNPATH_SEARCH_PATHS = (
					"$(inherited)",
					"@executable_path/Frameworks",
				);
				PRODUCT_BUNDLE_IDENTIFIER = "com.yeindaw.Two-Button-Challenge";
				PRODUCT_NAME = "$(TARGET_NAME)";
				SWIFT_VERSION = 5.0;
				TARGETED_DEVICE_FAMILY = "1,2";
			};
			name = Release;
		};
/* End XCBuildConfiguration section */

/* Begin XCConfigurationList section */
		BEF4A79F23CD1073008BD273 /* Build configuration list for PBXProject "Two-Button Challenge" */ = {
			isa = XCConfigurationList;
			buildConfigurations = (
				BEF4A7B623CD1073008BD273 /* Debug */,
				BEF4A7B723CD1073008BD273 /* Release */,
			);
			defaultConfigurationIsVisible = 0;
			defaultConfigurationName = Release;
		};
		BEF4A7B823CD1073008BD273 /* Build configuration list for PBXNativeTarget "Two-Button Challenge" */ = {
			isa = XCConfigurationList;
			buildConfigurations = (
				BEF4A7B923CD1073008BD273 /* Debug */,
				BEF4A7BA23CD1073008BD273 /* Release */,
			);
			defaultConfigurationIsVisible = 0;
			defaultConfigurationName = Release;
		};
/* End XCConfigurationList section */
	};
	rootObject = BEF4A79C23CD1073008BD273 /* Project object */;
}
